
Microsoft Visual Studio Solution File, Format Version 12.00
# Visual Studio 15
VisualStudioVersion = 15.0.28307.572
MinimumVisualStudioVersion = 10.0.40219.1
Project("{D954291E-2A0B-460D-934E-DC6B0785DB48}") = "OffersByColumns.Shared", "OffersByColumns\OffersByColumns.Shared\OffersByColumns.Shared.shproj", "{6279C845-92F8-4333-AB99-3D213163593C}"
EndProject
Project("{FAE04EC0-301F-11D3-BF4B-00C04F79EFBC}") = "OffersByColumns.Droid", "OffersByColumns\OffersByColumns.Droid\OffersByColumns.Droid.csproj", "{1664A20F-90D0-47BF-BFC8-89F10A650239}"
EndProject
Project("{FAE04EC0-301F-11D3-BF4B-00C04F79EFBC}") = "OffersByColumns.iOS", "OffersByColumns\OffersByColumns.iOS\OffersByColumns.iOS.csproj", "{945D489D-2443-4835-A3AE-ADC329799BBD}"
EndProject
Project("{FAE04EC0-301F-11D3-BF4B-00C04F79EFBC}") = "OffersByColumns.UWP", "OffersByColumns\OffersByColumns.UWP\OffersByColumns.UWP.csproj", "{DA354911-2118-4A09-8887-8BC8FB0C2D11}"
EndProject
Project("{9A19103F-16F7-4668-BE54-9A1E7A4F7556}") = "OffersByColumns.Wasm", "OffersByColumns\OffersByColumns.Wasm\OffersByColumns.Wasm.csproj", "{E49D92B7-4CAD-4CD8-A7FB-29539D01F46E}"
EndProject
Global
	GlobalSection(SharedMSBuildProjectFiles) = preSolution
		OffersByColumns\OffersByColumns.Shared\OffersByColumns.Shared.projitems*{1664a20f-90d0-47bf-bfc8-89f10a650239}*SharedItemsImports = 4
		OffersByColumns\OffersByColumns.Shared\OffersByColumns.Shared.projitems*{6279c845-92f8-4333-ab99-3d213163593c}*SharedItemsImports = 13
		OffersByColumns\OffersByColumns.Shared\OffersByColumns.Shared.projitems*{da354911-2118-4a09-8887-8bc8fb0c2d11}*SharedItemsImports = 4
	EndGlobalSection
	GlobalSection(SolutionConfigurationPlatforms) = preSolution
		Ad-Hoc|Any CPU = Ad-Hoc|Any CPU
		Ad-Hoc|ARM = Ad-Hoc|ARM
		Ad-Hoc|iPhone = Ad-Hoc|iPhone
		Ad-Hoc|iPhoneSimulator = Ad-Hoc|iPhoneSimulator
		Ad-Hoc|x64 = Ad-Hoc|x64
		Ad-Hoc|x86 = Ad-Hoc|x86
		AppStore|Any CPU = AppStore|Any CPU
		AppStore|ARM = AppStore|ARM
		AppStore|iPhone = AppStore|iPhone
		AppStore|iPhoneSimulator = AppStore|iPhoneSimulator
		AppStore|x64 = AppStore|x64
		AppStore|x86 = AppStore|x86
		Debug|Any CPU = Debug|Any CPU
		Debug|ARM = Debug|ARM
		Debug|iPhone = Debug|iPhone
		Debug|iPhoneSimulator = Debug|iPhoneSimulator
		Debug|x64 = Debug|x64
		Debug|x86 = Debug|x86
		Release|Any CPU = Release|Any CPU
		Release|ARM = Release|ARM
		Release|iPhone = Release|iPhone
		Release|iPhoneSimulator = Release|iPhoneSimulator
		Release|x64 = Release|x64
		Release|x86 = Release|x86
	EndGlobalSection
	GlobalSection(ProjectConfigurationPlatforms) = postSolution
		{1664A20F-90D0-47BF-BFC8-89F10A650239}.Ad-Hoc|Any CPU.ActiveCfg = Release|Any CPU
		{1664A20F-90D0-47BF-BFC8-89F10A650239}.Ad-Hoc|Any CPU.Build.0 = Release|Any CPU
		{1664A20F-90D0-47BF-BFC8-89F10A650239}.Ad-Hoc|Any CPU.Deploy.0 = Release|Any CPU
		{1664A20F-90D0-47BF-BFC8-89F10A650239}.Ad-Hoc|ARM.ActiveCfg = Release|Any CPU
		{1664A20F-90D0-47BF-BFC8-89F10A650239}.Ad-Hoc|ARM.Build.0 = Release|Any CPU
		{1664A20F-90D0-47BF-BFC8-89F10A650239}.Ad-Hoc|ARM.Deploy.0 = Release|Any CPU
		{1664A20F-90D0-47BF-BFC8-89F10A650239}.Ad-Hoc|iPhone.ActiveCfg = Release|Any CPU
		{1664A20F-90D0-47BF-BFC8-89F10A650239}.Ad-Hoc|iPhone.Build.0 = Release|Any CPU
		{1664A20F-90D0-47BF-BFC8-89F10A650239}.Ad-Hoc|iPhone.Deploy.0 = Release|Any CPU
		{1664A20F-90D0-47BF-BFC8-89F10A650239}.Ad-Hoc|iPhoneSimulator.ActiveCfg = Release|Any CPU
		{1664A20F-90D0-47BF-BFC8-89F10A650239}.Ad-Hoc|iPhoneSimulator.Build.0 = Release|Any CPU
		{1664A20F-90D0-47BF-BFC8-89F10A650239}.Ad-Hoc|iPhoneSimulator.Deploy.0 = Release|Any CPU
		{1664A20F-90D0-47BF-BFC8-89F10A650239}.Ad-Hoc|x64.ActiveCfg = Release|Any CPU
		{1664A20F-90D0-47BF-BFC8-89F10A650239}.Ad-Hoc|x64.Build.0 = Release|Any CPU
		{1664A20F-90D0-47BF-BFC8-89F10A650239}.Ad-Hoc|x64.Deploy.0 = Release|Any CPU
		{1664A20F-90D0-47BF-BFC8-89F10A650239}.Ad-Hoc|x86.ActiveCfg = Release|Any CPU
		{1664A20F-90D0-47BF-BFC8-89F10A650239}.Ad-Hoc|x86.Build.0 = Release|Any CPU
		{1664A20F-90D0-47BF-BFC8-89F10A650239}.Ad-Hoc|x86.Deploy.0 = Release|Any CPU
		{1664A20F-90D0-47BF-BFC8-89F10A650239}.AppStore|Any CPU.ActiveCfg = Release|Any CPU
		{1664A20F-90D0-47BF-BFC8-89F10A650239}.AppStore|Any CPU.Build.0 = Release|Any CPU
		{1664A20F-90D0-47BF-BFC8-89F10A650239}.AppStore|Any CPU.Deploy.0 = Release|Any CPU
		{1664A20F-90D0-47BF-BFC8-89F10A650239}.AppStore|ARM.ActiveCfg = Release|Any CPU
		{1664A20F-90D0-47BF-BFC8-89F10A650239}.AppStore|ARM.Build.0 = Release|Any CPU
		{1664A20F-90D0-47BF-BFC8-89F10A650239}.AppStore|ARM.Deploy.0 = Release|Any CPU
		{1664A20F-90D0-47BF-BFC8-89F10A650239}.AppStore|iPhone.ActiveCfg = Release|Any CPU
		{1664A20F-90D0-47BF-BFC8-89F10A650239}.AppStore|iPhone.Build.0 = Release|Any CPU
		{1664A20F-90D0-47BF-BFC8-89F10A650239}.AppStore|iPhone.Deploy.0 = Release|Any CPU
		{1664A20F-90D0-47BF-BFC8-89F10A650239}.AppStore|iPhoneSimulator.ActiveCfg = Release|Any CPU
		{1664A20F-90D0-47BF-BFC8-89F10A650239}.AppStore|iPhoneSimulator.Build.0 = Release|Any CPU
		{1664A20F-90D0-47BF-BFC8-89F10A650239}.AppStore|iPhoneSimulator.Deploy.0 = Release|Any CPU
		{1664A20F-90D0-47BF-BFC8-89F10A650239}.AppStore|x64.ActiveCfg = Release|Any CPU
		{1664A20F-90D0-47BF-BFC8-89F10A650239}.AppStore|x64.Build.0 = Release|Any CPU
		{1664A20F-90D0-47BF-BFC8-89F10A650239}.AppStore|x64.Deploy.0 = Release|Any CPU
		{1664A20F-90D0-47BF-BFC8-89F10A650239}.AppStore|x86.ActiveCfg = Release|Any CPU
		{1664A20F-90D0-47BF-BFC8-89F10A650239}.AppStore|x86.Build.0 = Release|Any CPU
		{1664A20F-90D0-47BF-BFC8-89F10A650239}.AppStore|x86.Deploy.0 = Release|Any CPU
		{1664A20F-90D0-47BF-BFC8-89F10A650239}.Debug|Any CPU.ActiveCfg = Debug|Any CPU
		{1664A20F-90D0-47BF-BFC8-89F10A650239}.Debug|Any CPU.Build.0 = Debug|Any CPU
		{1664A20F-90D0-47BF-BFC8-89F10A650239}.Debug|Any CPU.Deploy.0 = Debug|Any CPU
		{1664A20F-90D0-47BF-BFC8-89F10A650239}.Debug|ARM.ActiveCfg = Debug|Any CPU
		{1664A20F-90D0-47BF-BFC8-89F10A650239}.Debug|ARM.Build.0 = Debug|Any CPU
		{1664A20F-90D0-47BF-BFC8-89F10A650239}.Debug|ARM.Deploy.0 = Debug|Any CPU
		{1664A20F-90D0-47BF-BFC8-89F10A650239}.Debug|iPhone.ActiveCfg = Debug|Any CPU
		{1664A20F-90D0-47BF-BFC8-89F10A650239}.Debug|iPhone.Build.0 = Debug|Any CPU
		{1664A20F-90D0-47BF-BFC8-89F10A650239}.Debug|iPhone.Deploy.0 = Debug|Any CPU
		{1664A20F-90D0-47BF-BFC8-89F10A650239}.Debug|iPhoneSimulator.ActiveCfg = Debug|Any CPU
		{1664A20F-90D0-47BF-BFC8-89F10A650239}.Debug|iPhoneSimulator.Build.0 = Debug|Any CPU
		{1664A20F-90D0-47BF-BFC8-89F10A650239}.Debug|iPhoneSimulator.Deploy.0 = Debug|Any CPU
		{1664A20F-90D0-47BF-BFC8-89F10A650239}.Debug|x64.ActiveCfg = Debug|Any CPU
		{1664A20F-90D0-47BF-BFC8-89F10A650239}.Debug|x64.Build.0 = Debug|Any CPU
		{1664A20F-90D0-47BF-BFC8-89F10A650239}.Debug|x64.Deploy.0 = Debug|Any CPU
		{1664A20F-90D0-47BF-BFC8-89F10A650239}.Debug|x86.ActiveCfg = Debug|Any CPU
		{1664A20F-90D0-47BF-BFC8-89F10A650239}.Debug|x86.Build.0 = Debug|Any CPU
		{1664A20F-90D0-47BF-BFC8-89F10A650239}.Debug|x86.Deploy.0 = Debug|Any CPU
		{1664A20F-90D0-47BF-BFC8-89F10A650239}.Release|Any CPU.ActiveCfg = Release|Any CPU
		{1664A20F-90D0-47BF-BFC8-89F10A650239}.Release|Any CPU.Build.0 = Release|Any CPU
		{1664A20F-90D0-47BF-BFC8-89F10A650239}.Release|Any CPU.Deploy.0 = Release|Any CPU
		{1664A20F-90D0-47BF-BFC8-89F10A650239}.Release|ARM.ActiveCfg = Release|Any CPU
		{1664A20F-90D0-47BF-BFC8-89F10A650239}.Release|ARM.Build.0 = Release|Any CPU
		{1664A20F-90D0-47BF-BFC8-89F10A650239}.Release|ARM.Deploy.0 = Release|Any CPU
		{1664A20F-90D0-47BF-BFC8-89F10A650239}.Release|iPhone.ActiveCfg = Release|Any CPU
		{1664A20F-90D0-47BF-BFC8-89F10A650239}.Release|iPhone.Build.0 = Release|Any CPU
		{1664A20F-90D0-47BF-BFC8-89F10A650239}.Release|iPhone.Deploy.0 = Release|Any CPU
		{1664A20F-90D0-47BF-BFC8-89F10A650239}.Release|iPhoneSimulator.ActiveCfg = Release|Any CPU
		{1664A20F-90D0-47BF-BFC8-89F10A650239}.Release|iPhoneSimulator.Build.0 = Release|Any CPU
		{1664A20F-90D0-47BF-BFC8-89F10A650239}.Release|iPhoneSimulator.Deploy.0 = Release|Any CPU
		{1664A20F-90D0-47BF-BFC8-89F10A650239}.Release|x64.ActiveCfg = Release|Any CPU
		{1664A20F-90D0-47BF-BFC8-89F10A650239}.Release|x64.Build.0 = Release|Any CPU
		{1664A20F-90D0-47BF-BFC8-89F10A650239}.Release|x64.Deploy.0 = Release|Any CPU
		{1664A20F-90D0-47BF-BFC8-89F10A650239}.Release|x86.ActiveCfg = Release|Any CPU
		{1664A20F-90D0-47BF-BFC8-89F10A650239}.Release|x86.Build.0 = Release|Any CPU
		{1664A20F-90D0-47BF-BFC8-89F10A650239}.Release|x86.Deploy.0 = Release|Any CPU
		{945D489D-2443-4835-A3AE-ADC329799BBD}.Ad-Hoc|Any CPU.ActiveCfg = Ad-Hoc|iPhone
		{945D489D-2443-4835-A3AE-ADC329799BBD}.Ad-Hoc|ARM.ActiveCfg = Ad-Hoc|iPhone
		{945D489D-2443-4835-A3AE-ADC329799BBD}.Ad-Hoc|iPhone.ActiveCfg = Ad-Hoc|iPhone
		{945D489D-2443-4835-A3AE-ADC329799BBD}.Ad-Hoc|iPhone.Build.0 = Ad-Hoc|iPhone
		{945D489D-2443-4835-A3AE-ADC329799BBD}.Ad-Hoc|iPhoneSimulator.ActiveCfg = Ad-Hoc|iPhoneSimulator
		{945D489D-2443-4835-A3AE-ADC329799BBD}.Ad-Hoc|iPhoneSimulator.Build.0 = Ad-Hoc|iPhoneSimulator
		{945D489D-2443-4835-A3AE-ADC329799BBD}.Ad-Hoc|x64.ActiveCfg = Ad-Hoc|iPhone
		{945D489D-2443-4835-A3AE-ADC329799BBD}.Ad-Hoc|x86.ActiveCfg = Ad-Hoc|iPhone
		{945D489D-2443-4835-A3AE-ADC329799BBD}.AppStore|Any CPU.ActiveCfg = AppStore|iPhone
		{945D489D-2443-4835-A3AE-ADC329799BBD}.AppStore|ARM.ActiveCfg = AppStore|iPhone
		{945D489D-2443-4835-A3AE-ADC329799BBD}.AppStore|iPhone.ActiveCfg = AppStore|iPhone
		{945D489D-2443-4835-A3AE-ADC329799BBD}.AppStore|iPhone.Build.0 = AppStore|iPhone
		{945D489D-2443-4835-A3AE-ADC329799BBD}.AppStore|iPhoneSimulator.ActiveCfg = AppStore|iPhoneSimulator
		{945D489D-2443-4835-A3AE-ADC329799BBD}.AppStore|iPhoneSimulator.Build.0 = AppStore|iPhoneSimulator
		{945D489D-2443-4835-A3AE-ADC329799BBD}.AppStore|x64.ActiveCfg = AppStore|iPhone
		{945D489D-2443-4835-A3AE-ADC329799BBD}.AppStore|x86.ActiveCfg = AppStore|iPhone
		{945D489D-2443-4835-A3AE-ADC329799BBD}.Debug|Any CPU.ActiveCfg = Debug|iPhone
		{945D489D-2443-4835-A3AE-ADC329799BBD}.Debug|ARM.ActiveCfg = Debug|iPhone
		{945D489D-2443-4835-A3AE-ADC329799BBD}.Debug|iPhone.ActiveCfg = Debug|iPhone
		{945D489D-2443-4835-A3AE-ADC329799BBD}.Debug|iPhone.Build.0 = Debug|iPhone
		{945D489D-2443-4835-A3AE-ADC329799BBD}.Debug|iPhoneSimulator.ActiveCfg = Debug|iPhoneSimulator
		{945D489D-2443-4835-A3AE-ADC329799BBD}.Debug|iPhoneSimulator.Build.0 = Debug|iPhoneSimulator
		{945D489D-2443-4835-A3AE-ADC329799BBD}.Debug|x64.ActiveCfg = Debug|iPhone
		{945D489D-2443-4835-A3AE-ADC329799BBD}.Debug|x86.ActiveCfg = Debug|iPhone
		{945D489D-2443-4835-A3AE-ADC329799BBD}.Release|Any CPU.ActiveCfg = Release|iPhone
		{945D489D-2443-4835-A3AE-ADC329799BBD}.Release|ARM.ActiveCfg = Release|iPhone
		{945D489D-2443-4835-A3AE-ADC329799BBD}.Release|iPhone.ActiveCfg = Release|iPhone
		{945D489D-2443-4835-A3AE-ADC329799BBD}.Release|iPhone.Build.0 = Release|iPhone
		{945D489D-2443-4835-A3AE-ADC329799BBD}.Release|iPhoneSimulator.ActiveCfg = Release|iPhoneSimulator
		{945D489D-2443-4835-A3AE-ADC329799BBD}.Release|iPhoneSimulator.Build.0 = Release|iPhoneSimulator
		{945D489D-2443-4835-A3AE-ADC329799BBD}.Release|x64.ActiveCfg = Release|iPhone
		{945D489D-2443-4835-A3AE-ADC329799BBD}.Release|x86.ActiveCfg = Release|iPhone
		{DA354911-2118-4A09-8887-8BC8FB0C2D11}.Ad-Hoc|Any CPU.ActiveCfg = Release|x64
		{DA354911-2118-4A09-8887-8BC8FB0C2D11}.Ad-Hoc|Any CPU.Build.0 = Release|x64
		{DA354911-2118-4A09-8887-8BC8FB0C2D11}.Ad-Hoc|Any CPU.Deploy.0 = Release|x64
		{DA354911-2118-4A09-8887-8BC8FB0C2D11}.Ad-Hoc|ARM.ActiveCfg = Release|ARM
		{DA354911-2118-4A09-8887-8BC8FB0C2D11}.Ad-Hoc|ARM.Build.0 = Release|ARM
		{DA354911-2118-4A09-8887-8BC8FB0C2D11}.Ad-Hoc|ARM.Deploy.0 = Release|ARM
		{DA354911-2118-4A09-8887-8BC8FB0C2D11}.Ad-Hoc|iPhone.ActiveCfg = Release|x64
		{DA354911-2118-4A09-8887-8BC8FB0C2D11}.Ad-Hoc|iPhone.Build.0 = Release|x64
		{DA354911-2118-4A09-8887-8BC8FB0C2D11}.Ad-Hoc|iPhone.Deploy.0 = Release|x64
		{DA354911-2118-4A09-8887-8BC8FB0C2D11}.Ad-Hoc|iPhoneSimulator.ActiveCfg = Release|x64
		{DA354911-2118-4A09-8887-8BC8FB0C2D11}.Ad-Hoc|iPhoneSimulator.Build.0 = Release|x64
		{DA354911-2118-4A09-8887-8BC8FB0C2D11}.Ad-Hoc|iPhoneSimulator.Deploy.0 = Release|x64
		{DA354911-2118-4A09-8887-8BC8FB0C2D11}.Ad-Hoc|x64.ActiveCfg = Release|x64
		{DA354911-2118-4A09-8887-8BC8FB0C2D11}.Ad-Hoc|x64.Build.0 = Release|x64
		{DA354911-2118-4A09-8887-8BC8FB0C2D11}.Ad-Hoc|x64.Deploy.0 = Release|x64
		{DA354911-2118-4A09-8887-8BC8FB0C2D11}.Ad-Hoc|x86.ActiveCfg = Release|x86
		{DA354911-2118-4A09-8887-8BC8FB0C2D11}.Ad-Hoc|x86.Build.0 = Release|x86
		{DA354911-2118-4A09-8887-8BC8FB0C2D11}.Ad-Hoc|x86.Deploy.0 = Release|x86
		{DA354911-2118-4A09-8887-8BC8FB0C2D11}.AppStore|Any CPU.ActiveCfg = Release|x64
		{DA354911-2118-4A09-8887-8BC8FB0C2D11}.AppStore|Any CPU.Build.0 = Release|x64
		{DA354911-2118-4A09-8887-8BC8FB0C2D11}.AppStore|Any CPU.Deploy.0 = Release|x64
		{DA354911-2118-4A09-8887-8BC8FB0C2D11}.AppStore|ARM.ActiveCfg = Release|ARM
		{DA354911-2118-4A09-8887-8BC8FB0C2D11}.AppStore|ARM.Build.0 = Release|ARM
		{DA354911-2118-4A09-8887-8BC8FB0C2D11}.AppStore|ARM.Deploy.0 = Release|ARM
		{DA354911-2118-4A09-8887-8BC8FB0C2D11}.AppStore|iPhone.ActiveCfg = Release|x64
		{DA354911-2118-4A09-8887-8BC8FB0C2D11}.AppStore|iPhone.Build.0 = Release|x64
		{DA354911-2118-4A09-8887-8BC8FB0C2D11}.AppStore|iPhone.Deploy.0 = Release|x64
		{DA354911-2118-4A09-8887-8BC8FB0C2D11}.AppStore|iPhoneSimulator.ActiveCfg = Release|x64
		{DA354911-2118-4A09-8887-8BC8FB0C2D11}.AppStore|iPhoneSimulator.Build.0 = Release|x64
		{DA354911-2118-4A09-8887-8BC8FB0C2D11}.AppStore|iPhoneSimulator.Deploy.0 = Release|x64
		{DA354911-2118-4A09-8887-8BC8FB0C2D11}.AppStore|x64.ActiveCfg = Release|x64
		{DA354911-2118-4A09-8887-8BC8FB0C2D11}.AppStore|x64.Build.0 = Release|x64
		{DA354911-2118-4A09-8887-8BC8FB0C2D11}.AppStore|x64.Deploy.0 = Release|x64
		{DA354911-2118-4A09-8887-8BC8FB0C2D11}.AppStore|x86.ActiveCfg = Release|x86
		{DA354911-2118-4A09-8887-8BC8FB0C2D11}.AppStore|x86.Build.0 = Release|x86
		{DA354911-2118-4A09-8887-8BC8FB0C2D11}.AppStore|x86.Deploy.0 = Release|x86
		{DA354911-2118-4A09-8887-8BC8FB0C2D11}.Debug|Any CPU.ActiveCfg = Debug|x86
		{DA354911-2118-4A09-8887-8BC8FB0C2D11}.Debug|ARM.ActiveCfg = Debug|ARM
		{DA354911-2118-4A09-8887-8BC8FB0C2D11}.Debug|ARM.Build.0 = Debug|ARM
		{DA354911-2118-4A09-8887-8BC8FB0C2D11}.Debug|ARM.Deploy.0 = Debug|ARM
		{DA354911-2118-4A09-8887-8BC8FB0C2D11}.Debug|iPhone.ActiveCfg = Debug|x86
		{DA354911-2118-4A09-8887-8BC8FB0C2D11}.Debug|iPhoneSimulator.ActiveCfg = Debug|x86
		{DA354911-2118-4A09-8887-8BC8FB0C2D11}.Debug|x64.ActiveCfg = Debug|x64
		{DA354911-2118-4A09-8887-8BC8FB0C2D11}.Debug|x64.Build.0 = Debug|x64
		{DA354911-2118-4A09-8887-8BC8FB0C2D11}.Debug|x64.Deploy.0 = Debug|x64
		{DA354911-2118-4A09-8887-8BC8FB0C2D11}.Debug|x86.ActiveCfg = Debug|x86
		{DA354911-2118-4A09-8887-8BC8FB0C2D11}.Debug|x86.Build.0 = Debug|x86
		{DA354911-2118-4A09-8887-8BC8FB0C2D11}.Debug|x86.Deploy.0 = Debug|x86
		{DA354911-2118-4A09-8887-8BC8FB0C2D11}.Release|Any CPU.ActiveCfg = Release|x86
		{DA354911-2118-4A09-8887-8BC8FB0C2D11}.Release|ARM.ActiveCfg = Release|ARM
		{DA354911-2118-4A09-8887-8BC8FB0C2D11}.Release|ARM.Build.0 = Release|ARM
		{DA354911-2118-4A09-8887-8BC8FB0C2D11}.Release|ARM.Deploy.0 = Release|ARM
		{DA354911-2118-4A09-8887-8BC8FB0C2D11}.Release|iPhone.ActiveCfg = Release|x86
		{DA354911-2118-4A09-8887-8BC8FB0C2D11}.Release|iPhoneSimulator.ActiveCfg = Release|x86
		{DA354911-2118-4A09-8887-8BC8FB0C2D11}.Release|x64.ActiveCfg = Release|x64
		{DA354911-2118-4A09-8887-8BC8FB0C2D11}.Release|x64.Build.0 = Release|x64
		{DA354911-2118-4A09-8887-8BC8FB0C2D11}.Release|x64.Deploy.0 = Release|x64
		{DA354911-2118-4A09-8887-8BC8FB0C2D11}.Release|x86.ActiveCfg = Release|x86
		{DA354911-2118-4A09-8887-8BC8FB0C2D11}.Release|x86.Build.0 = Release|x86
		{DA354911-2118-4A09-8887-8BC8FB0C2D11}.Release|x86.Deploy.0 = Release|x86
		{E49D92B7-4CAD-4CD8-A7FB-29539D01F46E}.Ad-Hoc|Any CPU.ActiveCfg = Debug|Any CPU
		{E49D92B7-4CAD-4CD8-A7FB-29539D01F46E}.Ad-Hoc|Any CPU.Build.0 = Debug|Any CPU
		{E49D92B7-4CAD-4CD8-A7FB-29539D01F46E}.Ad-Hoc|ARM.ActiveCfg = Debug|Any CPU
		{E49D92B7-4CAD-4CD8-A7FB-29539D01F46E}.Ad-Hoc|ARM.Build.0 = Debug|Any CPU
		{E49D92B7-4CAD-4CD8-A7FB-29539D01F46E}.Ad-Hoc|iPhone.ActiveCfg = Debug|Any CPU
		{E49D92B7-4CAD-4CD8-A7FB-29539D01F46E}.Ad-Hoc|iPhone.Build.0 = Debug|Any CPU
		{E49D92B7-4CAD-4CD8-A7FB-29539D01F46E}.Ad-Hoc|iPhoneSimulator.ActiveCfg = Debug|Any CPU
		{E49D92B7-4CAD-4CD8-A7FB-29539D01F46E}.Ad-Hoc|iPhoneSimulator.Build.0 = Debug|Any CPU
		{E49D92B7-4CAD-4CD8-A7FB-29539D01F46E}.Ad-Hoc|x64.ActiveCfg = Debug|Any CPU
		{E49D92B7-4CAD-4CD8-A7FB-29539D01F46E}.Ad-Hoc|x64.Build.0 = Debug|Any CPU
		{E49D92B7-4CAD-4CD8-A7FB-29539D01F46E}.Ad-Hoc|x86.ActiveCfg = Debug|Any CPU
		{E49D92B7-4CAD-4CD8-A7FB-29539D01F46E}.Ad-Hoc|x86.Build.0 = Debug|Any CPU
		{E49D92B7-4CAD-4CD8-A7FB-29539D01F46E}.AppStore|Any CPU.ActiveCfg = Debug|Any CPU
		{E49D92B7-4CAD-4CD8-A7FB-29539D01F46E}.AppStore|Any CPU.Build.0 = Debug|Any CPU
		{E49D92B7-4CAD-4CD8-A7FB-29539D01F46E}.AppStore|ARM.ActiveCfg = Debug|Any CPU
		{E49D92B7-4CAD-4CD8-A7FB-29539D01F46E}.AppStore|ARM.Build.0 = Debug|Any CPU
		{E49D92B7-4CAD-4CD8-A7FB-29539D01F46E}.AppStore|iPhone.ActiveCfg = Debug|Any CPU
		{E49D92B7-4CAD-4CD8-A7FB-29539D01F46E}.AppStore|iPhone.Build.0 = Debug|Any CPU
		{E49D92B7-4CAD-4CD8-A7FB-29539D01F46E}.AppStore|iPhoneSimulator.ActiveCfg = Debug|Any CPU
		{E49D92B7-4CAD-4CD8-A7FB-29539D01F46E}.AppStore|iPhoneSimulator.Build.0 = Debug|Any CPU
		{E49D92B7-4CAD-4CD8-A7FB-29539D01F46E}.AppStore|x64.ActiveCfg = Debug|Any CPU
		{E49D92B7-4CAD-4CD8-A7FB-29539D01F46E}.AppStore|x64.Build.0 = Debug|Any CPU
		{E49D92B7-4CAD-4CD8-A7FB-29539D01F46E}.AppStore|x86.ActiveCfg = Debug|Any CPU
		{E49D92B7-4CAD-4CD8-A7FB-29539D01F46E}.AppStore|x86.Build.0 = Debug|Any CPU
		{E49D92B7-4CAD-4CD8-A7FB-29539D01F46E}.Debug|Any CPU.ActiveCfg = Debug|Any CPU
		{E49D92B7-4CAD-4CD8-A7FB-29539D01F46E}.Debug|Any CPU.Build.0 = Debug|Any CPU
		{E49D92B7-4CAD-4CD8-A7FB-29539D01F46E}.Debug|ARM.ActiveCfg = Debug|Any CPU
		{E49D92B7-4CAD-4CD8-A7FB-29539D01F46E}.Debug|ARM.Build.0 = Debug|Any CPU
		{E49D92B7-4CAD-4CD8-A7FB-29539D01F46E}.Debug|iPhone.ActiveCfg = Debug|Any CPU
		{E49D92B7-4CAD-4CD8-A7FB-29539D01F46E}.Debug|iPhone.Build.0 = Debug|Any CPU
		{E49D92B7-4CAD-4CD8-A7FB-29539D01F46E}.Debug|iPhoneSimulator.ActiveCfg = Debug|Any CPU
		{E49D92B7-4CAD-4CD8-A7FB-29539D01F46E}.Debug|iPhoneSimulator.Build.0 = Debug|Any CPU
		{E49D92B7-4CAD-4CD8-A7FB-29539D01F46E}.Debug|x64.ActiveCfg = Debug|Any CPU
		{E49D92B7-4CAD-4CD8-A7FB-29539D01F46E}.Debug|x64.Build.0 = Debug|Any CPU
		{E49D92B7-4CAD-4CD8-A7FB-29539D01F46E}.Debug|x86.ActiveCfg = Debug|Any CPU
		{E49D92B7-4CAD-4CD8-A7FB-29539D01F46E}.Debug|x86.Build.0 = Debug|Any CPU
		{E49D92B7-4CAD-4CD8-A7FB-29539D01F46E}.Release|Any CPU.ActiveCfg = Release|Any CPU
		{E49D92B7-4CAD-4CD8-A7FB-29539D01F46E}.Release|Any CPU.Build.0 = Release|Any CPU
		{E49D92B7-4CAD-4CD8-A7FB-29539D01F46E}.Release|ARM.ActiveCfg = Release|Any CPU
		{E49D92B7-4CAD-4CD8-A7FB-29539D01F46E}.Release|ARM.Build.0 = Release|Any CPU
		{E49D92B7-4CAD-4CD8-A7FB-29539D01F46E}.Release|iPhone.ActiveCfg = Release|Any CPU
		{E49D92B7-4CAD-4CD8-A7FB-29539D01F46E}.Release|iPhone.Build.0 = Release|Any CPU
		{E49D92B7-4CAD-4CD8-A7FB-29539D01F46E}.Release|iPhoneSimulator.ActiveCfg = Release|Any CPU
		{E49D92B7-4CAD-4CD8-A7FB-29539D01F46E}.Release|iPhoneSimulator.Build.0 = Release|Any CPU
		{E49D92B7-4CAD-4CD8-A7FB-29539D01F46E}.Release|x64.ActiveCfg = Release|Any CPU
		{E49D92B7-4CAD-4CD8-A7FB-29539D01F46E}.Release|x64.Build.0 = Release|Any CPU
		{E49D92B7-4CAD-4CD8-A7FB-29539D01F46E}.Release|x86.ActiveCfg = Release|Any CPU
		{E49D92B7-4CAD-4CD8-A7FB-29539D01F46E}.Release|x86.Build.0 = Release|Any CPU
	EndGlobalSection
	GlobalSection(SolutionProperties) = preSolution
		HideSolutionNode = FALSE
	EndGlobalSection
	GlobalSection(ExtensibilityGlobals) = postSolution
		SolutionGuid = {6D9C5D35-FDA9-416E-B0C8-0859D490F5E3}
	EndGlobalSection
EndGlobal
